
Microsoft Visual Studio Solution File, Format Version 11.00
# Visual Studio 2010
Project("{FAE04EC0-301F-11D3-BF4B-00C04F79EFBC}") = "AdventureMaze", "Assembly-CSharp.csproj", "{817510F5-67AC-2535-7DFC-81EE952F560D}"
EndProject
Project("{FAE04EC0-301F-11D3-BF4B-00C04F79EFBC}") = "AdventureMaze", "Assembly-CSharp-Editor.csproj", "{C01FAEF1-D576-B569-0BDB-ED42C58D2E89}"
EndProject
Global
	GlobalSection(SolutionConfigurationPlatforms) = preSolution
		Debug|Any CPU = Debug|Any CPU
		Release|Any CPU = Release|Any CPU
	EndGlobalSection
	GlobalSection(ProjectConfigurationPlatforms) = postSolution
		{817510F5-67AC-2535-7DFC-81EE952F560D}.Debug|Any CPU.ActiveCfg = Debug|Any CPU
		{817510F5-67AC-2535-7DFC-81EE952F560D}.Debug|Any CPU.Build.0 = Debug|Any CPU
		{817510F5-67AC-2535-7DFC-81EE952F560D}.Release|Any CPU.ActiveCfg = Release|Any CPU
		{817510F5-67AC-2535-7DFC-81EE952F560D}.Release|Any CPU.Build.0 = Release|Any CPU
		{C01FAEF1-D576-B569-0BDB-ED42C58D2E89}.Debug|Any CPU.ActiveCfg = Debug|Any CPU
		{C01FAEF1-D576-B569-0BDB-ED42C58D2E89}.Debug|Any CPU.Build.0 = Debug|Any CPU
		{C01FAEF1-D576-B569-0BDB-ED42C58D2E89}.Release|Any CPU.ActiveCfg = Release|Any CPU
		{C01FAEF1-D576-B569-0BDB-ED42C58D2E89}.Release|Any CPU.Build.0 = Release|Any CPU
	EndGlobalSection
	GlobalSection(SolutionProperties) = preSolution
		HideSolutionNode = FALSE
	EndGlobalSection
	GlobalSection(MonoDevelopProperties) = preSolution
		StartupItem = Assembly-CSharp.csproj
	EndGlobalSection
EndGlobal
